
Microsoft Visual Studio Solution File, Format Version 12.00
# Visual Studio 14
VisualStudioVersion = 14.0.23107.0
MinimumVisualStudioVersion = 10.0.40219.1
Project("{FAE04EC0-301F-11D3-BF4B-00C04F79EFBC}") = "Otakuthon_App", "WpfApplication2\Otakuthon_App.csproj", "{CEBA1F74-5FD9-46E8-BB7E-6DFCEDD62400}"
EndProject
Project("{FAE04EC0-301F-11D3-BF4B-00C04F79EFBC}") = "DataGridFilterLibrary", "DataGridFilterLibrary\DataGridFilterLibrary.csproj", "{512FD53F-9AD1-46A1-A961-9FABDFAD50C5}"
EndProject
Global
	GlobalSection(SolutionConfigurationPlatforms) = preSolution
		Debug|Any CPU = Debug|Any CPU
		Release|Any CPU = Release|Any CPU
	EndGlobalSection
	GlobalSection(ProjectConfigurationPlatforms) = postSolution
		{CEBA1F74-5FD9-46E8-BB7E-6DFCEDD62400}.Debug|Any CPU.ActiveCfg = Debug|Any CPU
		{CEBA1F74-5FD9-46E8-BB7E-6DFCEDD62400}.Debug|Any CPU.Build.0 = Debug|Any CPU
		{CEBA1F74-5FD9-46E8-BB7E-6DFCEDD62400}.Release|Any CPU.ActiveCfg = Release|Any CPU
		{CEBA1F74-5FD9-46E8-BB7E-6DFCEDD62400}.Release|Any CPU.Build.0 = Release|Any CPU
		{512FD53F-9AD1-46A1-A961-9FABDFAD50C5}.Debug|Any CPU.ActiveCfg = Debug|Any CPU
		{512FD53F-9AD1-46A1-A961-9FABDFAD50C5}.Debug|Any CPU.Build.0 = Debug|Any CPU
		{512FD53F-9AD1-46A1-A961-9FABDFAD50C5}.Release|Any CPU.ActiveCfg = Release|Any CPU
		{512FD53F-9AD1-46A1-A961-9FABDFAD50C5}.Release|Any CPU.Build.0 = Release|Any CPU
	EndGlobalSection
	GlobalSection(SolutionProperties) = preSolution
		HideSolutionNode = FALSE
	EndGlobalSection
EndGlobal
